# This file is automatically @generated by Cargo.
# It is not intended for manual editing.
version = 3

[[package]]
name = "oxidauth-cli"
version = "0.1.0"

[[package]]
name = "oxidauth-http"
version = "0.1.0"

[[package]]
name = "oxidauth-import-export"
version = "0.1.0"

[[package]]
name = "oxidauth-kernel"
version = "0.1.0"

[[package]]
name = "oxidauth-permission"
version = "0.1.0"

[[package]]
name = "oxidauth-postgres"
version = "0.1.0"

[[package]]
name = "oxidauth-rs"
version = "0.1.0"

[[package]]
name = "oxidauth-seed"
version = "0.1.0"
